
Microsoft Visual Studio Solution File, Format Version 12.00
# Visual Studio Version 17
VisualStudioVersion = 17.5.33424.131
MinimumVisualStudioVersion = 10.0.40219.1
Project("{FAE04EC0-301F-11D3-BF4B-00C04F79EFBC}") = "Vista", "Vista.csproj", "{07F305EA-848A-45A5-8C8F-11BCF0313D32}"
EndProject
Project("{FAE04EC0-301F-11D3-BF4B-00C04F79EFBC}") = "CapaACCESODATOS", "..\CapaACCESODATOS\CapaACCESODATOS.csproj", "{7256CADC-3356-495D-9CE1-7C6DF1A71047}"
EndProject
Project("{FAE04EC0-301F-11D3-BF4B-00C04F79EFBC}") = "CapaSOPORTE", "..\CapaSOPORTE\CapaSOPORTE.csproj", "{00F941EE-EBD1-4719-8623-8519843BE136}"
EndProject
Project("{FAE04EC0-301F-11D3-BF4B-00C04F79EFBC}") = "CapaDOM", "..\CapaDOM\CapaDOM.csproj", "{821D8288-B640-4CE5-9AB3-08BAF71F3F59}"
EndProject
Global
	GlobalSection(SolutionConfigurationPlatforms) = preSolution
		Debug|Any CPU = Debug|Any CPU
		Release|Any CPU = Release|Any CPU
	EndGlobalSection
	GlobalSection(ProjectConfigurationPlatforms) = postSolution
		{07F305EA-848A-45A5-8C8F-11BCF0313D32}.Debug|Any CPU.ActiveCfg = Debug|Any CPU
		{07F305EA-848A-45A5-8C8F-11BCF0313D32}.Debug|Any CPU.Build.0 = Debug|Any CPU
		{07F305EA-848A-45A5-8C8F-11BCF0313D32}.Release|Any CPU.ActiveCfg = Release|Any CPU
		{07F305EA-848A-45A5-8C8F-11BCF0313D32}.Release|Any CPU.Build.0 = Release|Any CPU
		{7256CADC-3356-495D-9CE1-7C6DF1A71047}.Debug|Any CPU.ActiveCfg = Debug|Any CPU
		{7256CADC-3356-495D-9CE1-7C6DF1A71047}.Debug|Any CPU.Build.0 = Debug|Any CPU
		{7256CADC-3356-495D-9CE1-7C6DF1A71047}.Release|Any CPU.ActiveCfg = Release|Any CPU
		{7256CADC-3356-495D-9CE1-7C6DF1A71047}.Release|Any CPU.Build.0 = Release|Any CPU
		{00F941EE-EBD1-4719-8623-8519843BE136}.Debug|Any CPU.ActiveCfg = Debug|Any CPU
		{00F941EE-EBD1-4719-8623-8519843BE136}.Debug|Any CPU.Build.0 = Debug|Any CPU
		{00F941EE-EBD1-4719-8623-8519843BE136}.Release|Any CPU.ActiveCfg = Release|Any CPU
		{00F941EE-EBD1-4719-8623-8519843BE136}.Release|Any CPU.Build.0 = Release|Any CPU
		{821D8288-B640-4CE5-9AB3-08BAF71F3F59}.Debug|Any CPU.ActiveCfg = Debug|Any CPU
		{821D8288-B640-4CE5-9AB3-08BAF71F3F59}.Debug|Any CPU.Build.0 = Debug|Any CPU
		{821D8288-B640-4CE5-9AB3-08BAF71F3F59}.Release|Any CPU.ActiveCfg = Release|Any CPU
		{821D8288-B640-4CE5-9AB3-08BAF71F3F59}.Release|Any CPU.Build.0 = Release|Any CPU
	EndGlobalSection
	GlobalSection(SolutionProperties) = preSolution
		HideSolutionNode = FALSE
	EndGlobalSection
	GlobalSection(ExtensibilityGlobals) = postSolution
		SolutionGuid = {9F9069BD-FEE3-4379-8F75-29E3F743904B}
	EndGlobalSection
EndGlobal
