
Microsoft Visual Studio Solution File, Format Version 12.00
# Visual Studio Version 17
VisualStudioVersion = 17.4.33213.308
MinimumVisualStudioVersion = 10.0.40219.1
Project("{9A19103F-16F7-4668-BE54-9A1E7A4F7556}") = "MichiRefugio", "MichiRefugio.csproj", "{39E68CA7-0D17-4FE5-9567-F08433358FF0}"
EndProject
Project("{9A19103F-16F7-4668-BE54-9A1E7A4F7556}") = "CapaDOM", "..\CapaDOM\CapaDOM.csproj", "{BB960E56-86F2-4110-A54D-453A41E701E5}"
EndProject
Project("{9A19103F-16F7-4668-BE54-9A1E7A4F7556}") = "CapaACCESODATOS", "..\CapaACCESODATOS\CapaACCESODATOS.csproj", "{675C6242-1167-46D4-99E3-1D12E96F6D7E}"
EndProject
Project("{FAE04EC0-301F-11D3-BF4B-00C04F79EFBC}") = "CapaSOPORTE", "..\CapaSOPORTE\CapaSOPORTE.csproj", "{A6454C54-45AD-4F08-9F5D-92D5F0EDA539}"
EndProject
Global
	GlobalSection(SolutionConfigurationPlatforms) = preSolution
		Debug|Any CPU = Debug|Any CPU
		Release|Any CPU = Release|Any CPU
	EndGlobalSection
	GlobalSection(ProjectConfigurationPlatforms) = postSolution
		{39E68CA7-0D17-4FE5-9567-F08433358FF0}.Debug|Any CPU.ActiveCfg = Debug|Any CPU
		{39E68CA7-0D17-4FE5-9567-F08433358FF0}.Debug|Any CPU.Build.0 = Debug|Any CPU
		{39E68CA7-0D17-4FE5-9567-F08433358FF0}.Release|Any CPU.ActiveCfg = Release|Any CPU
		{39E68CA7-0D17-4FE5-9567-F08433358FF0}.Release|Any CPU.Build.0 = Release|Any CPU
		{BB960E56-86F2-4110-A54D-453A41E701E5}.Debug|Any CPU.ActiveCfg = Debug|Any CPU
		{BB960E56-86F2-4110-A54D-453A41E701E5}.Debug|Any CPU.Build.0 = Debug|Any CPU
		{BB960E56-86F2-4110-A54D-453A41E701E5}.Release|Any CPU.ActiveCfg = Release|Any CPU
		{BB960E56-86F2-4110-A54D-453A41E701E5}.Release|Any CPU.Build.0 = Release|Any CPU
		{675C6242-1167-46D4-99E3-1D12E96F6D7E}.Debug|Any CPU.ActiveCfg = Debug|Any CPU
		{675C6242-1167-46D4-99E3-1D12E96F6D7E}.Debug|Any CPU.Build.0 = Debug|Any CPU
		{675C6242-1167-46D4-99E3-1D12E96F6D7E}.Release|Any CPU.ActiveCfg = Release|Any CPU
		{675C6242-1167-46D4-99E3-1D12E96F6D7E}.Release|Any CPU.Build.0 = Release|Any CPU
		{A6454C54-45AD-4F08-9F5D-92D5F0EDA539}.Debug|Any CPU.ActiveCfg = Debug|Any CPU
		{A6454C54-45AD-4F08-9F5D-92D5F0EDA539}.Debug|Any CPU.Build.0 = Debug|Any CPU
		{A6454C54-45AD-4F08-9F5D-92D5F0EDA539}.Release|Any CPU.ActiveCfg = Release|Any CPU
		{A6454C54-45AD-4F08-9F5D-92D5F0EDA539}.Release|Any CPU.Build.0 = Release|Any CPU
	EndGlobalSection
	GlobalSection(SolutionProperties) = preSolution
		HideSolutionNode = FALSE
	EndGlobalSection
	GlobalSection(ExtensibilityGlobals) = postSolution
		SolutionGuid = {B5C2733C-2CAE-4AEB-87AB-C2F3B4A89FB4}
	EndGlobalSection
EndGlobal
